
Microsoft Visual Studio Solution File, Format Version 12.00
# Visual Studio Version 17
VisualStudioVersion = 17.4.33110.190
MinimumVisualStudioVersion = 10.0.40219.1
Project("{FAE04EC0-301F-11D3-BF4B-00C04F79EFBC}") = "Практика 18", "Практика 18.csproj", "{373E306E-EAEC-4B86-BE46-6FDAB350E981}"
EndProject
Global
	GlobalSection(SolutionConfigurationPlatforms) = preSolution
		Debug|Any CPU = Debug|Any CPU
		Release|Any CPU = Release|Any CPU
	EndGlobalSection
	GlobalSection(ProjectConfigurationPlatforms) = postSolution
		{373E306E-EAEC-4B86-BE46-6FDAB350E981}.Debug|Any CPU.ActiveCfg = Debug|Any CPU
		{373E306E-EAEC-4B86-BE46-6FDAB350E981}.Debug|Any CPU.Build.0 = Debug|Any CPU
		{373E306E-EAEC-4B86-BE46-6FDAB350E981}.Release|Any CPU.ActiveCfg = Release|Any CPU
		{373E306E-EAEC-4B86-BE46-6FDAB350E981}.Release|Any CPU.Build.0 = Release|Any CPU
	EndGlobalSection
	GlobalSection(SolutionProperties) = preSolution
		HideSolutionNode = FALSE
	EndGlobalSection
	GlobalSection(ExtensibilityGlobals) = postSolution
		SolutionGuid = {6E930B70-BF72-465B-9AD8-6062FC2EC6A5}
	EndGlobalSection
EndGlobal
